
Microsoft Visual Studio Solution File, Format Version 12.00
# Visual Studio Version 17
VisualStudioVersion = 17.1.32228.430
MinimumVisualStudioVersion = 10.0.40219.1
Project("{FAE04EC0-301F-11D3-BF4B-00C04F79EFBC}") = "c_sharp0316", "c_sharp0316\c_sharp0316.csproj", "{43183CEC-FC57-4F70-803B-66B18CD6B4AD}"
EndProject
Global
	GlobalSection(SolutionConfigurationPlatforms) = preSolution
		Debug|Any CPU = Debug|Any CPU
		Release|Any CPU = Release|Any CPU
	EndGlobalSection
	GlobalSection(ProjectConfigurationPlatforms) = postSolution
		{43183CEC-FC57-4F70-803B-66B18CD6B4AD}.Debug|Any CPU.ActiveCfg = Debug|Any CPU
		{43183CEC-FC57-4F70-803B-66B18CD6B4AD}.Debug|Any CPU.Build.0 = Debug|Any CPU
		{43183CEC-FC57-4F70-803B-66B18CD6B4AD}.Release|Any CPU.ActiveCfg = Release|Any CPU
		{43183CEC-FC57-4F70-803B-66B18CD6B4AD}.Release|Any CPU.Build.0 = Release|Any CPU
	EndGlobalSection
	GlobalSection(SolutionProperties) = preSolution
		HideSolutionNode = FALSE
	EndGlobalSection
	GlobalSection(ExtensibilityGlobals) = postSolution
		SolutionGuid = {129F1CAC-0D56-498D-ACB0-671CB887D733}
	EndGlobalSection
EndGlobal
